{
  "name": "node-starter",
  "lockfileVersion": 3,
  "requires": true,
  "packages": {
    "": {
      "name": "node-starter",
      "workspaces": [
        "packages/*"
      ]
    },
    "node_modules/@lunyxjs/lunyxgen.ext": {
      "resolved": "packages/lunyxgen-ext",
      "link": true
    },
    "node_modules/lunyxgen": {
      "resolved": "packages/lunyxgen",
      "link": true
    },
    "packages/lunyxgen": {
      "version": "1.0.0",
      "license": "MIT"
    },
    "packages/lunyxgen-ext": {
      "name": "@lunyxjs/lunyxgen.ext",
      "version": "1.0.0",
      "license": "MIT",
      "peerDependencies": {
        "lunyxgen": "^1.0.0"
      }
    }
  }
}
